<?xml version="1.0" encoding="utf-8"?>
<Project ToolsVersion="4.0" xmlns="http://schemas.microsoft.com/developer/msbuild/2003">
  <ItemGroup>
    <Filter Include="Source Files">
      <UniqueIdentifier>{4FC737F1-C7A5-4376-A066-2A32D752A2FF}</UniqueIdentifier>
      <Extensions>cpp;c;cc;cxx;def;odl;idl;hpj;bat;asm;asmx</Extensions>
    </Filter>
    <Filter Include="Header Files">
      <UniqueIdentifier>{93995380-89BD-4b04-88EB-625FBE52EBFB}</UniqueIdentifier>
      <Extensions>h;hh;hpp;hxx;hm;inl;inc;xsd</Extensions>
    </Filter>
    <Filter Include="Resource Files">
      <UniqueIdentifier>{67DA6AB6-F800-4c08-8B7A-83BB121AAD01}</UniqueIdentifier>
      <Extensions>rc;ico;cur;bmp;dlg;rc2;rct;bin;rgs;gif;jpg;jpeg;jpe;resx;tiff;tif;png;wav;mfcribbon-ms</Extensions>
    </Filter>
  </ItemGroup>
  <ItemGroup>
    <None Include="plant3src.ino" />
  </ItemGroup>
  <ItemGroup>
    <ClInclude Include="__vm\.src.vsarduino.h">
      <Filter>Header Files</Filter>
    </ClInclude>
    <ClInclude Include="communication.h">
      <Filter>Header Files</Filter>
    </ClInclude>
    <ClInclude Include="module_handler.h">
      <Filter>Header Files</Filter>
    </ClInclude>
    <ClInclude Include="sensor_contact_switch.h">
      <Filter>Header Files</Filter>
    </ClInclude>
    <ClInclude Include="sensor_tsl2561.h">
      <Filter>Header Files</Filter>
    </ClInclude>
    <ClInclude Include="support_moving_average.h">
      <Filter>Header Files</Filter>
    </ClInclude>
    <ClInclude Include="support_one_wire.h">
      <Filter>Header Files</Filter>
    </ClInclude>
    <ClInclude Include="support_software_serial.h">
      <Filter>Header Files</Filter>
    </ClInclude>
    <ClInclude Include="support_time.h">
      <Filter>Header Files</Filter>
    </ClInclude>
    <ClInclude Include="support_twi.h">
      <Filter>Header Files</Filter>
    </ClInclude>
    <ClInclude Include="support_wire.h">
      <Filter>Header Files</Filter>
    </ClInclude>
    <ClInclude Include="plant3_actuator_A3909Ghbridge.h">
      <Filter>Header Files</Filter>
    </ClInclude>
    <ClInclude Include="plant3_actuator_heater.h">
      <Filter>Header Files</Filter>
    </ClInclude>
    <ClInclude Include="plant3_sensor_phectemp.h">
      <Filter>Header Files</Filter>
    </ClInclude>
    <ClInclude Include="__vm\.plant3src.vsarduino.h">
      <Filter>Header Files</Filter>
    </ClInclude>
    <ClInclude Include="plant3_sensor_water_level.h">
      <Filter>Header Files</Filter>
    </ClInclude>
    <ClInclude Include="plant3_actuator_mostfet.h">
      <Filter>Header Files</Filter>
    </ClInclude>
    <ClInclude Include="plant3_lighting.h">
      <Filter>Header Files</Filter>
    </ClInclude>
    <ClInclude Include="plant3_actuator_mosfet_pwm.h">
      <Filter>Header Files</Filter>
    </ClInclude>
    <ClInclude Include="plant3_sensor_gc0020.h">
      <Filter>Header Files</Filter>
    </ClInclude>
    <ClInclude Include="error.h">
      <Filter>Header Files</Filter>
    </ClInclude>
    <ClInclude Include="plant3_actuator_ph.h">
      <Filter>Header Files</Filter>
    </ClInclude>
  </ItemGroup>
  <ItemGroup>
    <ClCompile Include="communication.cpp">
      <Filter>Source Files</Filter>
    </ClCompile>
    <ClCompile Include="module_handler.cpp">
      <Filter>Source Files</Filter>
    </ClCompile>
    <ClCompile Include="sensor_contact_switch.cpp">
      <Filter>Source Files</Filter>
    </ClCompile>
    <ClCompile Include="sensor_tsl2561.cpp">
      <Filter>Source Files</Filter>
    </ClCompile>
    <ClCompile Include="support_moving_average.cpp">
      <Filter>Source Files</Filter>
    </ClCompile>
    <ClCompile Include="support_one_wire.cpp">
      <Filter>Source Files</Filter>
    </ClCompile>
    <ClCompile Include="support_software_serial.cpp">
      <Filter>Source Files</Filter>
    </ClCompile>
    <ClCompile Include="support_time.cpp">
      <Filter>Source Files</Filter>
    </ClCompile>
    <ClCompile Include="support_twi.c">
      <Filter>Source Files</Filter>
    </ClCompile>
    <ClCompile Include="support_wire.cpp">
      <Filter>Source Files</Filter>
    </ClCompile>
    <ClCompile Include="plant3_actuator_A3909Ghbridge.cpp">
      <Filter>Source Files</Filter>
    </ClCompile>
    <ClCompile Include="plant3_actuator_heater.cpp">
      <Filter>Source Files</Filter>
    </ClCompile>
    <ClCompile Include="plant3_sensor_phectemp.cpp">
      <Filter>Source Files</Filter>
    </ClCompile>
    <ClCompile Include="plant3_sensor_water_level.cpp">
      <Filter>Source Files</Filter>
    </ClCompile>
    <ClCompile Include="plant3_actuator_mosfet.cpp">
      <Filter>Source Files</Filter>
    </ClCompile>
    <ClCompile Include="plant3_lighting.cpp">
      <Filter>Source Files</Filter>
    </ClCompile>
    <ClCompile Include="plant3_actuator_mosfet_pwm.cpp">
      <Filter>Source Files</Filter>
    </ClCompile>
    <ClCompile Include="plant3_sensor_gc0020.cpp">
      <Filter>Source Files</Filter>
    </ClCompile>
    <ClCompile Include="plant3_actuator_ph.cpp">
      <Filter>Source Files</Filter>
    </ClCompile>
  </ItemGroup>
</Project>